{
  "name": "bsc-utils",
  "version": "1.0.0",
  "lockfileVersion": 2,
  "requires": true,
  "packages": {
    "": {
      "version": "1.0.0",
      "license": "ISC",
      "dependencies": {
        "axios": "^0.21.1",
        "csv-parser": "^3.0.0",
        "dom-parser": "^0.1.6",
        "objects-to-csv": "^1.3.6"
      }
    },
    "node_modules/async-csv": {
      "version": "2.1.3",
      "resolved": "https://registry.npmjs.org/async-csv/-/async-csv-2.1.3.tgz",
      "integrity": "sha512-mpsCN+D7mzZeqrlDw7UTPhvDQDlx1i819E9fbKIt8drkgED5FSOlBv3Rk/+sXdevnO2wwlRkVOQ4kdT0AyqPqQ==",
      "dependencies": {
        "csv": "^5.1.3"
      }
    },
    "node_modules/axios": {
      "version": "0.21.1",
      "resolved": "https://registry.npmjs.org/axios/-/axios-0.21.1.tgz",
      "integrity": "sha512-dKQiRHxGD9PPRIUNIWvZhPTPpl1rf/OxTYKsqKUDjBwYylTvV7SjSHJb9ratfyzM6wCdLCOYLzs73qpg5c4iGA==",
      "dependencies": {
        "follow-redirects": "^1.10.0"
      }
    },
    "node_modules/csv": {
      "version": "5.5.0",
      "resolved": "https://registry.npmjs.org/csv/-/csv-5.5.0.tgz",
      "integrity": "sha512-32tcuxdb4HW3zbk8NBcVQb8/7xuJB5sv+q4BuQ6++E/K6JvHvWoCHcGzB5Au95vVikNH4ztE0XNC/Bws950cfA==",
      "dependencies": {
        "csv-generate": "^3.4.0",
        "csv-parse": "^4.15.3",
        "csv-stringify": "^5.6.2",
        "stream-transform": "^2.1.0"
      },
      "engines": {
        "node": ">= 0.1.90"
      }
    },
    "node_modules/csv-generate": {
      "version": "3.4.0",
      "resolved": "https://registry.npmjs.org/csv-generate/-/csv-generate-3.4.0.tgz",
      "integrity": "sha512-D6yi7c6lL70cpTx3TQIVWKrfxuLiKa0pBizu0zi7fSRXlhmE7u674gk9k1IjCEnxKq2t6xzbXnxcOmSdBbE8vQ=="
    },
    "node_modules/csv-parse": {
      "version": "4.16.0",
      "resolved": "https://registry.npmjs.org/csv-parse/-/csv-parse-4.16.0.tgz",
      "integrity": "sha512-Zb4tGPANH4SW0LgC9+s9Mnequs9aqn7N3/pCqNbVjs2XhEF6yWNU2Vm4OGl1v2Go9nw8rXt87Cm2QN/o6Vpqgg=="
    },
    "node_modules/csv-parser": {
      "version": "3.0.0",
      "resolved": "https://registry.npmjs.org/csv-parser/-/csv-parser-3.0.0.tgz",
      "integrity": "sha512-s6OYSXAK3IdKqYO33y09jhypG/bSDHPuyCme/IdEHfWpLf/jKcpitVFyOC6UemgGk8v7Q5u2XE0vvwmanxhGlQ==",
      "dependencies": {
        "minimist": "^1.2.0"
      },
      "bin": {
        "csv-parser": "bin/csv-parser"
      },
      "engines": {
        "node": ">= 10"
      }
    },
    "node_modules/csv-stringify": {
      "version": "5.6.2",
      "resolved": "https://registry.npmjs.org/csv-stringify/-/csv-stringify-5.6.2.tgz",
      "integrity": "sha512-n3rIVbX6ylm1YsX2NEug9IaPV8xRnT+9/NNZbrA/bcHgOSSeqtWla6XnI/xmyu57wIw+ASCAoX1oM6EZtqJV0A=="
    },
    "node_modules/dom-parser": {
      "version": "0.1.6",
      "resolved": "https://registry.npmjs.org/dom-parser/-/dom-parser-0.1.6.tgz",
      "integrity": "sha512-3nVRKbLEwmGfghLoeT1dxlK/0votalnOfasP+8VCHYDfDuCETY4LeMblfOeqww6XZk2ymZ1Uewy/hVad6Dy3yw=="
    },
    "node_modules/follow-redirects": {
      "version": "1.14.1",
      "resolved": "https://registry.npmjs.org/follow-redirects/-/follow-redirects-1.14.1.tgz",
      "integrity": "sha512-HWqDgT7ZEkqRzBvc2s64vSZ/hfOceEol3ac/7tKwzuvEyWx3/4UegXh5oBOIotkGsObyk3xznnSRVADBgWSQVg==",
      "funding": [
        {
          "type": "individual",
          "url": "https://github.com/sponsors/RubenVerborgh"
        }
      ],
      "engines": {
        "node": ">=4.0"
      },
      "peerDependenciesMeta": {
        "debug": {
          "optional": true
        }
      }
    },
    "node_modules/minimist": {
      "version": "1.2.5",
      "resolved": "https://registry.npmjs.org/minimist/-/minimist-1.2.5.tgz",
      "integrity": "sha512-FM9nNUYrRBAELZQT3xeZQ7fmMOBg6nWNmJKTcgsJeaLstP/UODVpGsr5OhXhhXg6f+qtJ8uiZ+PUxkDWcgIXLw=="
    },
    "node_modules/mixme": {
      "version": "0.5.1",
      "resolved": "https://registry.npmjs.org/mixme/-/mixme-0.5.1.tgz",
      "integrity": "sha512-NaeZIckeBFT7i0XBEpGyFcAE0/bLcQ9MHErTpnU3bLWVE5WZbxG5Y3fDsMxYGifTo5khDA42OquXCC2ngKJB+g==",
      "engines": {
        "node": ">= 8.0.0"
      }
    },
    "node_modules/objects-to-csv": {
      "version": "1.3.6",
      "resolved": "https://registry.npmjs.org/objects-to-csv/-/objects-to-csv-1.3.6.tgz",
      "integrity": "sha512-383eSpS3hmgCksW85KIqBtcbgSW5DDVsCmzLoM6C3q4yzOX2rmtWxF4pbLJ76fz+ufA+4/SwAT4QdaY6IUWmAg==",
      "dependencies": {
        "async-csv": "^2.1.3"
      }
    },
    "node_modules/stream-transform": {
      "version": "2.1.0",
      "resolved": "https://registry.npmjs.org/stream-transform/-/stream-transform-2.1.0.tgz",
      "integrity": "sha512-bwQO+75rzQbug7e5OOHnOR3FgbJ0fCjHmDIdynkwUaFzleBXugGmv2dx3sX3aIHUQRLjrcisRPgN9BWl63uGgw==",
      "dependencies": {
        "mixme": "^0.5.0"
      }
    }
  },
  "dependencies": {
    "async-csv": {
      "version": "2.1.3",
      "resolved": "https://registry.npmjs.org/async-csv/-/async-csv-2.1.3.tgz",
      "integrity": "sha512-mpsCN+D7mzZeqrlDw7UTPhvDQDlx1i819E9fbKIt8drkgED5FSOlBv3Rk/+sXdevnO2wwlRkVOQ4kdT0AyqPqQ==",
      "requires": {
        "csv": "^5.1.3"
      }
    },
    "axios": {
      "version": "0.21.1",
      "resolved": "https://registry.npmjs.org/axios/-/axios-0.21.1.tgz",
      "integrity": "sha512-dKQiRHxGD9PPRIUNIWvZhPTPpl1rf/OxTYKsqKUDjBwYylTvV7SjSHJb9ratfyzM6wCdLCOYLzs73qpg5c4iGA==",
      "requires": {
        "follow-redirects": "^1.10.0"
      }
    },
    "csv": {
      "version": "5.5.0",
      "resolved": "https://registry.npmjs.org/csv/-/csv-5.5.0.tgz",
      "integrity": "sha512-32tcuxdb4HW3zbk8NBcVQb8/7xuJB5sv+q4BuQ6++E/K6JvHvWoCHcGzB5Au95vVikNH4ztE0XNC/Bws950cfA==",
      "requires": {
        "csv-generate": "^3.4.0",
        "csv-parse": "^4.15.3",
        "csv-stringify": "^5.6.2",
        "stream-transform": "^2.1.0"
      }
    },
    "csv-generate": {
      "version": "3.4.0",
      "resolved": "https://registry.npmjs.org/csv-generate/-/csv-generate-3.4.0.tgz",
      "integrity": "sha512-D6yi7c6lL70cpTx3TQIVWKrfxuLiKa0pBizu0zi7fSRXlhmE7u674gk9k1IjCEnxKq2t6xzbXnxcOmSdBbE8vQ=="
    },
    "csv-parse": {
      "version": "4.16.0",
      "resolved": "https://registry.npmjs.org/csv-parse/-/csv-parse-4.16.0.tgz",
      "integrity": "sha512-Zb4tGPANH4SW0LgC9+s9Mnequs9aqn7N3/pCqNbVjs2XhEF6yWNU2Vm4OGl1v2Go9nw8rXt87Cm2QN/o6Vpqgg=="
    },
    "csv-parser": {
      "version": "3.0.0",
      "resolved": "https://registry.npmjs.org/csv-parser/-/csv-parser-3.0.0.tgz",
      "integrity": "sha512-s6OYSXAK3IdKqYO33y09jhypG/bSDHPuyCme/IdEHfWpLf/jKcpitVFyOC6UemgGk8v7Q5u2XE0vvwmanxhGlQ==",
      "requires": {
        "minimist": "^1.2.0"
      }
    },
    "csv-stringify": {
      "version": "5.6.2",
      "resolved": "https://registry.npmjs.org/csv-stringify/-/csv-stringify-5.6.2.tgz",
      "integrity": "sha512-n3rIVbX6ylm1YsX2NEug9IaPV8xRnT+9/NNZbrA/bcHgOSSeqtWla6XnI/xmyu57wIw+ASCAoX1oM6EZtqJV0A=="
    },
    "dom-parser": {
      "version": "0.1.6",
      "resolved": "https://registry.npmjs.org/dom-parser/-/dom-parser-0.1.6.tgz",
      "integrity": "sha512-3nVRKbLEwmGfghLoeT1dxlK/0votalnOfasP+8VCHYDfDuCETY4LeMblfOeqww6XZk2ymZ1Uewy/hVad6Dy3yw=="
    },
    "follow-redirects": {
      "version": "1.14.1",
      "resolved": "https://registry.npmjs.org/follow-redirects/-/follow-redirects-1.14.1.tgz",
      "integrity": "sha512-HWqDgT7ZEkqRzBvc2s64vSZ/hfOceEol3ac/7tKwzuvEyWx3/4UegXh5oBOIotkGsObyk3xznnSRVADBgWSQVg=="
    },
    "minimist": {
      "version": "1.2.5",
      "resolved": "https://registry.npmjs.org/minimist/-/minimist-1.2.5.tgz",
      "integrity": "sha512-FM9nNUYrRBAELZQT3xeZQ7fmMOBg6nWNmJKTcgsJeaLstP/UODVpGsr5OhXhhXg6f+qtJ8uiZ+PUxkDWcgIXLw=="
    },
    "mixme": {
      "version": "0.5.1",
      "resolved": "https://registry.npmjs.org/mixme/-/mixme-0.5.1.tgz",
      "integrity": "sha512-NaeZIckeBFT7i0XBEpGyFcAE0/bLcQ9MHErTpnU3bLWVE5WZbxG5Y3fDsMxYGifTo5khDA42OquXCC2ngKJB+g=="
    },
    "objects-to-csv": {
      "version": "1.3.6",
      "resolved": "https://registry.npmjs.org/objects-to-csv/-/objects-to-csv-1.3.6.tgz",
      "integrity": "sha512-383eSpS3hmgCksW85KIqBtcbgSW5DDVsCmzLoM6C3q4yzOX2rmtWxF4pbLJ76fz+ufA+4/SwAT4QdaY6IUWmAg==",
      "requires": {
        "async-csv": "^2.1.3"
      }
    },
    "stream-transform": {
      "version": "2.1.0",
      "resolved": "https://registry.npmjs.org/stream-transform/-/stream-transform-2.1.0.tgz",
      "integrity": "sha512-bwQO+75rzQbug7e5OOHnOR3FgbJ0fCjHmDIdynkwUaFzleBXugGmv2dx3sX3aIHUQRLjrcisRPgN9BWl63uGgw==",
      "requires": {
        "mixme": "^0.5.0"
      }
    }
  }
}
